
Microsoft Visual Studio Solution File, Format Version 12.00
# Visual Studio Express 2013 for Windows Desktop
VisualStudioVersion = 12.0.31101.0
MinimumVisualStudioVersion = 10.0.40219.1
Project("{8BC9CEB8-8B4A-11D0-8D11-00A0C91BC942}") = "Searver", "Searver\Searver.vcxproj", "{AAB76B8D-0AEC-443D-819D-9229E5BB4878}"
	ProjectSection(ProjectDependencies) = postProject
		{149E89A7-D034-4ECF-9EB8-6B52EFEA7795} = {149E89A7-D034-4ECF-9EB8-6B52EFEA7795}
	EndProjectSection
EndProject
Project("{8BC9CEB8-8B4A-11D0-8D11-00A0C91BC942}") = "Gacha", "Gacha\Gacha.vcxproj", "{45AA1787-4A04-483C-9310-A22889F9E114}"
	ProjectSection(ProjectDependencies) = postProject
		{149E89A7-D034-4ECF-9EB8-6B52EFEA7795} = {149E89A7-D034-4ECF-9EB8-6B52EFEA7795}
	EndProjectSection
EndProject
Project("{8BC9CEB8-8B4A-11D0-8D11-00A0C91BC942}") = "framework", "framework\framework.vcxproj", "{149E89A7-D034-4ECF-9EB8-6B52EFEA7795}"
EndProject
Global
	GlobalSection(SolutionConfigurationPlatforms) = preSolution
		Debug|Win32 = Debug|Win32
		Release|Win32 = Release|Win32
	EndGlobalSection
	GlobalSection(ProjectConfigurationPlatforms) = postSolution
		{AAB76B8D-0AEC-443D-819D-9229E5BB4878}.Debug|Win32.ActiveCfg = Debug|Win32
		{AAB76B8D-0AEC-443D-819D-9229E5BB4878}.Debug|Win32.Build.0 = Debug|Win32
		{AAB76B8D-0AEC-443D-819D-9229E5BB4878}.Release|Win32.ActiveCfg = Release|Win32
		{AAB76B8D-0AEC-443D-819D-9229E5BB4878}.Release|Win32.Build.0 = Release|Win32
		{45AA1787-4A04-483C-9310-A22889F9E114}.Debug|Win32.ActiveCfg = Debug|Win32
		{45AA1787-4A04-483C-9310-A22889F9E114}.Debug|Win32.Build.0 = Debug|Win32
		{45AA1787-4A04-483C-9310-A22889F9E114}.Release|Win32.ActiveCfg = Release|Win32
		{45AA1787-4A04-483C-9310-A22889F9E114}.Release|Win32.Build.0 = Release|Win32
		{149E89A7-D034-4ECF-9EB8-6B52EFEA7795}.Debug|Win32.ActiveCfg = Debug|Win32
		{149E89A7-D034-4ECF-9EB8-6B52EFEA7795}.Debug|Win32.Build.0 = Debug|Win32
		{149E89A7-D034-4ECF-9EB8-6B52EFEA7795}.Release|Win32.ActiveCfg = Release|Win32
		{149E89A7-D034-4ECF-9EB8-6B52EFEA7795}.Release|Win32.Build.0 = Release|Win32
	EndGlobalSection
	GlobalSection(SolutionProperties) = preSolution
		HideSolutionNode = FALSE
	EndGlobalSection
EndGlobal
